{
  "version": 4,
  "terraform_version": "1.9.8",
  "serial": 156,
  "lineage": "ec8cc663-fd67-7eb6-8f92-5c2caaf2468c",
  "outputs": {
    "bastion_external_ip": {
      "value": "62.84.119.164",
      "type": "string"
    },
    "load_balancer_ip": {
      "value": "158.160.185.112",
      "type": "string"
    },
    "security_group_ids": {
      "value": {
        "bastion": "enpj4muh5ug6dvjgr1v3",
        "internal": "enpbq84fgjtuvr9dmmd1",
        "loadbalancer": "enp9qbt1hcdqpib6c0g1",
        "monitoring": "enpt8e797r8ehchtjpf7"
      },
      "type": [
        "object",
        {
          "bastion": "string",
          "internal": "string",
          "loadbalancer": "string",
          "monitoring": "string"
        }
      ]
    },
    "web_1_internal_ip": {
      "value": "192.168.20.23",
      "type": "string"
    },
    "web_2_internal_ip": {
      "value": "192.168.20.12",
      "type": "string"
    },
    "zabbix_external_ip": {
      "value": "84.252.128.120",
      "type": "string"
    },
    "zabbix_internal_ip": {
      "value": "192.168.10.27",
      "type": "string"
    }
  },
  "resources": [
    {
      "mode": "managed",
      "type": "yandex_alb_backend_group",
      "name": "web-backend-group",
      "provider": "provider[\"registry.terraform.io/yandex-cloud/yandex\"]",
      "instances": [
        {
          "schema_version": 0,
          "attributes": {
            "created_at": "2025-11-09T19:47:10Z",
            "description": "",
            "folder_id": "b1gcelv7rffoflf21agr",
            "grpc_backend": [],
            "http_backend": [
              {
                "healthcheck": [
                  {
                    "grpc_healthcheck": [],
                    "healthcheck_port": 0,
                    "healthy_threshold": 0,
                    "http_healthcheck": [
                      {
                        "expected_statuses": [],
                        "host": "",
                        "http2": false,
                        "path": "/"
                      }
                    ],
                    "interval": "2s",
                    "interval_jitter_percent": 0,
                    "stream_healthcheck": [],
                    "timeout": "1s",
                    "unhealthy_threshold": 0
                  }
                ],
                "http2": false,
                "load_balancing_config": [],
                "name": "web-backend",
                "port": 80,
                "storage_bucket": "",
                "target_group_ids": [
                  "ds7apef4t7v8dp9itftt"
                ],
                "tls": [],
                "weight": 1
              }
            ],
            "id": "ds7sctt76olrvjaaj926",
            "labels": {},
            "name": "web-backend-group",
            "session_affinity": [],
            "stream_backend": [],
            "timeouts": null
          },
          "sensitive_attributes": [],
          "private": "eyJlMmJmYjczMC1lY2FhLTExZTYtOGY4OC0zNDM2M2JjN2M0YzAiOnsiY3JlYXRlIjozMDAwMDAwMDAwMDAsImRlbGV0ZSI6MzAwMDAwMDAwMDAwLCJ1cGRhdGUiOjMwMDAwMDAwMDAwMH19",
          "dependencies": [
            "yandex_alb_target_group.web-target-group",
            "yandex_compute_instance.web-1",
            "yandex_compute_instance.web-2",
            "yandex_vpc_gateway.nat-gateway",
            "yandex_vpc_network.diplom-network",
            "yandex_vpc_route_table.private-route-table",
            "yandex_vpc_security_group.internal-sg",
            "yandex_vpc_security_group.loadbalancer-sg",
            "yandex_vpc_subnet.private-subnet-a"
          ]
        }
      ]
    },
    {
      "mode": "managed",
      "type": "yandex_alb_http_router",
      "name": "web-router",
      "provider": "provider[\"registry.terraform.io/yandex-cloud/yandex\"]",
      "instances": [
        {
          "schema_version": 0,
          "attributes": {
            "created_at": "2025-11-09T19:46:03Z",
            "description": "",
            "folder_id": "b1gcelv7rffoflf21agr",
            "id": "ds76sanr1h4vcouf9mmb",
            "labels": {},
            "name": "web-router",
            "route_options": [],
            "timeouts": null
          },
          "sensitive_attributes": [],
          "private": "eyJlMmJmYjczMC1lY2FhLTExZTYtOGY4OC0zNDM2M2JjN2M0YzAiOnsiY3JlYXRlIjozMDAwMDAwMDAwMDAsImRlbGV0ZSI6MzAwMDAwMDAwMDAwLCJ1cGRhdGUiOjMwMDAwMDAwMDAwMH19"
        }
      ]
    },
    {
      "mode": "managed",
      "type": "yandex_alb_load_balancer",
      "name": "web-balancer",
      "provider": "provider[\"registry.terraform.io/yandex-cloud/yandex\"]",
      "instances": [
        {
          "schema_version": 0,
          "attributes": {
            "allocation_policy": [
              {
                "location": [
                  {
                    "disable_traffic": false,
                    "subnet_id": "e9b0cs3jpv8pqr0d19a4",
                    "zone_id": "ru-central1-a"
                  }
                ]
              }
            ],
            "allow_zonal_shift": false,
            "auto_scale_policy": [],
            "created_at": "2025-11-09T19:46:06Z",
            "description": "",
            "folder_id": "b1gcelv7rffoflf21agr",
            "id": "ds7kekpsnqs137l98cbe",
            "labels": {},
            "listener": [
              {
                "endpoint": [
                  {
                    "address": [
                      {
                        "external_ipv4_address": [
                          {
                            "address": "158.160.185.112"
                          }
                        ],
                        "external_ipv6_address": [],
                        "internal_ipv4_address": []
                      }
                    ],
                    "ports": [
                      80
                    ]
                  }
                ],
                "http": [
                  {
                    "handler": [
                      {
                        "allow_http10": false,
                        "http2_options": [],
                        "http_router_id": "ds76sanr1h4vcouf9mmb",
                        "rewrite_request_id": false
                      }
                    ],
                    "redirects": []
                  }
                ],
                "name": "web-listener",
                "stream": [],
                "tls": []
              }
            ],
            "log_group_id": "",
            "log_options": [],
            "name": "web-balancer",
            "network_id": "enpvk6ge6nkmapgq9ikq",
            "region_id": "",
            "security_group_ids": [],
            "status": "active",
            "timeouts": null
          },
          "sensitive_attributes": [],
          "private": "eyJlMmJmYjczMC1lY2FhLTExZTYtOGY4OC0zNDM2M2JjN2M0YzAiOnsiY3JlYXRlIjo2MDAwMDAwMDAwMDAsImRlbGV0ZSI6NjAwMDAwMDAwMDAwLCJ1cGRhdGUiOjYwMDAwMDAwMDAwMH19",
          "dependencies": [
            "yandex_alb_http_router.web-router",
            "yandex_vpc_network.diplom-network",
            "yandex_vpc_subnet.public-subnet-a"
          ]
        }
      ]
    },
    {
      "mode": "managed",
      "type": "yandex_alb_target_group",
      "name": "web-target-group",
      "provider": "provider[\"registry.terraform.io/yandex-cloud/yandex\"]",
      "instances": [
        {
          "schema_version": 0,
          "attributes": {
            "created_at": "2025-11-09T19:47:10Z",
            "description": "",
            "folder_id": "b1gcelv7rffoflf21agr",
            "id": "ds7apef4t7v8dp9itftt",
            "labels": {},
            "name": "web-target-group",
            "target": [
              {
                "ip_address": "192.168.20.23",
                "private_ipv4_address": false,
                "subnet_id": "e9bfvtn6s2ben4882voi"
              },
              {
                "ip_address": "192.168.20.12",
                "private_ipv4_address": false,
                "subnet_id": "e9bfvtn6s2ben4882voi"
              }
            ],
            "timeouts": null
          },
          "sensitive_attributes": [],
          "private": "eyJlMmJmYjczMC1lY2FhLTExZTYtOGY4OC0zNDM2M2JjN2M0YzAiOnsiY3JlYXRlIjozMDAwMDAwMDAwMDAsImRlbGV0ZSI6MzAwMDAwMDAwMDAwLCJ1cGRhdGUiOjMwMDAwMDAwMDAwMH19",
          "dependencies": [
            "yandex_compute_instance.web-1",
            "yandex_compute_instance.web-2",
            "yandex_vpc_gateway.nat-gateway",
            "yandex_vpc_network.diplom-network",
            "yandex_vpc_route_table.private-route-table",
            "yandex_vpc_security_group.internal-sg",
            "yandex_vpc_security_group.loadbalancer-sg",
            "yandex_vpc_subnet.private-subnet-a"
          ]
        }
      ]
    },
    {
      "mode": "managed",
      "type": "yandex_alb_virtual_host",
      "name": "web-virtual-host",
      "provider": "provider[\"registry.terraform.io/yandex-cloud/yandex\"]",
      "instances": [
        {
          "schema_version": 0,
          "attributes": {
            "authority": [],
            "http_router_id": "ds76sanr1h4vcouf9mmb",
            "id": "ds76sanr1h4vcouf9mmb/web-virtual-host",
            "modify_request_headers": [],
            "modify_response_headers": [],
            "name": "web-virtual-host",
            "rate_limit": [],
            "route": [
              {
                "disable_security_profile": false,
                "grpc_route": [],
                "http_route": [
                  {
                    "direct_response_action": [],
                    "http_match": [],
                    "http_route_action": [
                      {
                        "auto_host_rewrite": false,
                        "backend_group_id": "ds7sctt76olrvjaaj926",
                        "host_rewrite": "",
                        "idle_timeout": "",
                        "prefix_rewrite": "",
                        "rate_limit": [],
                        "regex_rewrite": [],
                        "timeout": "",
                        "upgrade_types": []
                      }
                    ],
                    "redirect_action": []
                  }
                ],
                "name": "web-route",
                "route_options": []
              }
            ],
            "route_options": [],
            "timeouts": null
          },
          "sensitive_attributes": [],
          "private": "eyJlMmJmYjczMC1lY2FhLTExZTYtOGY4OC0zNDM2M2JjN2M0YzAiOnsiY3JlYXRlIjozMDAwMDAwMDAwMDAsImRlbGV0ZSI6MzAwMDAwMDAwMDAwLCJ1cGRhdGUiOjMwMDAwMDAwMDAwMH19",
          "dependencies": [
            "yandex_alb_backend_group.web-backend-group",
            "yandex_alb_http_router.web-router",
            "yandex_alb_target_group.web-target-group",
            "yandex_compute_instance.web-1",
            "yandex_compute_instance.web-2",
            "yandex_vpc_gateway.nat-gateway",
            "yandex_vpc_network.diplom-network",
            "yandex_vpc_route_table.private-route-table",
            "yandex_vpc_security_group.internal-sg",
            "yandex_vpc_security_group.loadbalancer-sg",
            "yandex_vpc_subnet.private-subnet-a"
          ]
        }
      ]
    },
    {
      "mode": "managed",
      "type": "yandex_compute_instance",
      "name": "bastion",
      "provider": "provider[\"registry.terraform.io/yandex-cloud/yandex\"]",
      "instances": [
        {
          "schema_version": 1,
          "attributes": {
            "allow_recreate": null,
            "allow_stopping_for_update": null,
            "boot_disk": [
              {
                "auto_delete": true,
                "device_name": "fhm3d8dr10g1pmu0eip4",
                "disk_id": "fhm3d8dr10g1pmu0eip4",
                "initialize_params": [
                  {
                    "block_size": 4096,
                    "description": "",
                    "image_id": "fd827b91d99psvq5fjit",
                    "kms_key_id": "",
                    "name": "",
                    "size": 10,
                    "snapshot_id": "",
                    "type": "network-hdd"
                  }
                ],
                "mode": "READ_WRITE"
              }
            ],
            "created_at": "2025-11-09T19:46:14Z",
            "description": "",
            "filesystem": [],
            "folder_id": "b1gcelv7rffoflf21agr",
            "fqdn": "bastion.ru-central1.internal",
            "gpu_cluster_id": "",
            "hardware_generation": [
              {
                "generation2_features": [],
                "legacy_features": [
                  {
                    "pci_topology": "PCI_TOPOLOGY_V1"
                  }
                ]
              }
            ],
            "hostname": "bastion",
            "id": "fhm8r47815s2qiuui6fd",
            "labels": {},
            "local_disk": [],
            "maintenance_grace_period": "",
            "maintenance_policy": null,
            "metadata": {
              "ssh-keys": "ubuntu:ssh-ed25519 AAAAC3NzaC1lZDI1NTE5AAAAIM+iYb1iEOFDRXc/kYyt+kZKWMGLHqvBes1tdFv9qtL4 A@u-comp\n"
            },
            "metadata_options": [
              {
                "aws_v1_http_endpoint": 1,
                "aws_v1_http_token": 2,
                "gce_http_endpoint": 1,
                "gce_http_token": 1
              }
            ],
            "name": "bastion",
            "network_acceleration_type": "standard",
            "network_interface": [
              {
                "dns_record": [],
                "index": 0,
                "ip_address": "192.168.10.4",
                "ipv4": true,
                "ipv6": false,
                "ipv6_address": "",
                "ipv6_dns_record": [],
                "mac_address": "d0:0d:8d:90:e8:09",
                "nat": true,
                "nat_dns_record": [],
                "nat_ip_address": "62.84.119.164",
                "nat_ip_version": "IPV4",
                "security_group_ids": [
                  "enpanfjm9igufi27374e",
                  "enpj4muh5ug6dvjgr1v3"
                ],
                "subnet_id": "e9b0cs3jpv8pqr0d19a4"
              }
            ],
            "placement_policy": [
              {
                "host_affinity_rules": [],
                "placement_group_id": "",
                "placement_group_partition": 0
              }
            ],
            "platform_id": "standard-v3",
            "resources": [
              {
                "core_fraction": 20,
                "cores": 2,
                "gpus": 0,
                "memory": 2
              }
            ],
            "scheduling_policy": [
              {
                "preemptible": true
              }
            ],
            "secondary_disk": [],
            "service_account_id": "",
            "status": "running",
            "timeouts": null,
            "zone": "ru-central1-a"
          },
          "sensitive_attributes": [],
          "private": "eyJlMmJmYjczMC1lY2FhLTExZTYtOGY4OC0zNDM2M2JjN2M0YzAiOnsiY3JlYXRlIjozMDAwMDAwMDAwMDAsImRlbGV0ZSI6MzAwMDAwMDAwMDAwLCJ1cGRhdGUiOjMwMDAwMDAwMDAwMH0sInNjaGVtYV92ZXJzaW9uIjoiMSJ9",
          "dependencies": [
            "yandex_vpc_network.diplom-network",
            "yandex_vpc_security_group.bastion-sg",
            "yandex_vpc_security_group.internal-network-sg",
            "yandex_vpc_subnet.public-subnet-a"
          ]
        }
      ]
    },
    {
      "mode": "managed",
      "type": "yandex_compute_instance",
      "name": "web-1",
      "provider": "provider[\"registry.terraform.io/yandex-cloud/yandex\"]",
      "instances": [
        {
          "schema_version": 1,
          "attributes": {
            "allow_recreate": null,
            "allow_stopping_for_update": null,
            "boot_disk": [
              {
                "auto_delete": true,
                "device_name": "fhmmtunn39rraebo1np3",
                "disk_id": "fhmmtunn39rraebo1np3",
                "initialize_params": [
                  {
                    "block_size": 4096,
                    "description": "",
                    "image_id": "fd827b91d99psvq5fjit",
                    "kms_key_id": "",
                    "name": "",
                    "size": 10,
                    "snapshot_id": "",
                    "type": "network-hdd"
                  }
                ],
                "mode": "READ_WRITE"
              }
            ],
            "created_at": "2025-11-09T19:46:17Z",
            "description": "",
            "filesystem": [],
            "folder_id": "b1gcelv7rffoflf21agr",
            "fqdn": "web-1.ru-central1.internal",
            "gpu_cluster_id": "",
            "hardware_generation": [
              {
                "generation2_features": [],
                "legacy_features": [
                  {
                    "pci_topology": "PCI_TOPOLOGY_V1"
                  }
                ]
              }
            ],
            "hostname": "web-1",
            "id": "fhmg6ua9sfc96tb149pg",
            "labels": {},
            "local_disk": [],
            "maintenance_grace_period": "",
            "maintenance_policy": null,
            "metadata": {
              "ssh-keys": "ubuntu:ssh-ed25519 AAAAC3NzaC1lZDI1NTE5AAAAIM+iYb1iEOFDRXc/kYyt+kZKWMGLHqvBes1tdFv9qtL4 A@u-comp\n"
            },
            "metadata_options": [
              {
                "aws_v1_http_endpoint": 1,
                "aws_v1_http_token": 2,
                "gce_http_endpoint": 1,
                "gce_http_token": 1
              }
            ],
            "name": "web-1",
            "network_acceleration_type": "standard",
            "network_interface": [
              {
                "dns_record": [],
                "index": 0,
                "ip_address": "192.168.20.23",
                "ipv4": true,
                "ipv6": false,
                "ipv6_address": "",
                "ipv6_dns_record": [],
                "mac_address": "d0:0d:10:37:94:9e",
                "nat": false,
                "nat_dns_record": [],
                "nat_ip_address": "",
                "nat_ip_version": "",
                "security_group_ids": [
                  "enpbq84fgjtuvr9dmmd1"
                ],
                "subnet_id": "e9bfvtn6s2ben4882voi"
              }
            ],
            "placement_policy": [
              {
                "host_affinity_rules": [],
                "placement_group_id": "",
                "placement_group_partition": 0
              }
            ],
            "platform_id": "standard-v3",
            "resources": [
              {
                "core_fraction": 20,
                "cores": 2,
                "gpus": 0,
                "memory": 2
              }
            ],
            "scheduling_policy": [
              {
                "preemptible": true
              }
            ],
            "secondary_disk": [],
            "service_account_id": "",
            "status": "running",
            "timeouts": null,
            "zone": "ru-central1-a"
          },
          "sensitive_attributes": [],
          "private": "eyJlMmJmYjczMC1lY2FhLTExZTYtOGY4OC0zNDM2M2JjN2M0YzAiOnsiY3JlYXRlIjozMDAwMDAwMDAwMDAsImRlbGV0ZSI6MzAwMDAwMDAwMDAwLCJ1cGRhdGUiOjMwMDAwMDAwMDAwMH0sInNjaGVtYV92ZXJzaW9uIjoiMSJ9",
          "dependencies": [
            "yandex_vpc_gateway.nat-gateway",
            "yandex_vpc_network.diplom-network",
            "yandex_vpc_route_table.private-route-table",
            "yandex_vpc_security_group.internal-sg",
            "yandex_vpc_security_group.loadbalancer-sg",
            "yandex_vpc_subnet.private-subnet-a"
          ]
        }
      ]
    },
    {
      "mode": "managed",
      "type": "yandex_compute_instance",
      "name": "web-2",
      "provider": "provider[\"registry.terraform.io/yandex-cloud/yandex\"]",
      "instances": [
        {
          "schema_version": 1,
          "attributes": {
            "allow_recreate": null,
            "allow_stopping_for_update": null,
            "boot_disk": [
              {
                "auto_delete": true,
                "device_name": "fhmk97khcauqqapusjfv",
                "disk_id": "fhmk97khcauqqapusjfv",
                "initialize_params": [
                  {
                    "block_size": 4096,
                    "description": "",
                    "image_id": "fd827b91d99psvq5fjit",
                    "kms_key_id": "",
                    "name": "",
                    "size": 10,
                    "snapshot_id": "",
                    "type": "network-hdd"
                  }
                ],
                "mode": "READ_WRITE"
              }
            ],
            "created_at": "2025-11-09T19:46:17Z",
            "description": "",
            "filesystem": [],
            "folder_id": "b1gcelv7rffoflf21agr",
            "fqdn": "web-2.ru-central1.internal",
            "gpu_cluster_id": "",
            "hardware_generation": [
              {
                "generation2_features": [],
                "legacy_features": [
                  {
                    "pci_topology": "PCI_TOPOLOGY_V1"
                  }
                ]
              }
            ],
            "hostname": "web-2",
            "id": "fhmafvb3f1adfep7aih0",
            "labels": {},
            "local_disk": [],
            "maintenance_grace_period": "",
            "maintenance_policy": null,
            "metadata": {
              "ssh-keys": "ubuntu:ssh-ed25519 AAAAC3NzaC1lZDI1NTE5AAAAIM+iYb1iEOFDRXc/kYyt+kZKWMGLHqvBes1tdFv9qtL4 A@u-comp\n"
            },
            "metadata_options": [
              {
                "aws_v1_http_endpoint": 1,
                "aws_v1_http_token": 2,
                "gce_http_endpoint": 1,
                "gce_http_token": 1
              }
            ],
            "name": "web-2",
            "network_acceleration_type": "standard",
            "network_interface": [
              {
                "dns_record": [],
                "index": 0,
                "ip_address": "192.168.20.12",
                "ipv4": true,
                "ipv6": false,
                "ipv6_address": "",
                "ipv6_dns_record": [],
                "mac_address": "d0:0d:a7:fd:63:78",
                "nat": false,
                "nat_dns_record": [],
                "nat_ip_address": "",
                "nat_ip_version": "",
                "security_group_ids": [
                  "enpbq84fgjtuvr9dmmd1"
                ],
                "subnet_id": "e9bfvtn6s2ben4882voi"
              }
            ],
            "placement_policy": [
              {
                "host_affinity_rules": [],
                "placement_group_id": "",
                "placement_group_partition": 0
              }
            ],
            "platform_id": "standard-v3",
            "resources": [
              {
                "core_fraction": 20,
                "cores": 2,
                "gpus": 0,
                "memory": 2
              }
            ],
            "scheduling_policy": [
              {
                "preemptible": true
              }
            ],
            "secondary_disk": [],
            "service_account_id": "",
            "status": "running",
            "timeouts": null,
            "zone": "ru-central1-a"
          },
          "sensitive_attributes": [],
          "private": "eyJlMmJmYjczMC1lY2FhLTExZTYtOGY4OC0zNDM2M2JjN2M0YzAiOnsiY3JlYXRlIjozMDAwMDAwMDAwMDAsImRlbGV0ZSI6MzAwMDAwMDAwMDAwLCJ1cGRhdGUiOjMwMDAwMDAwMDAwMH0sInNjaGVtYV92ZXJzaW9uIjoiMSJ9",
          "dependencies": [
            "yandex_vpc_gateway.nat-gateway",
            "yandex_vpc_network.diplom-network",
            "yandex_vpc_route_table.private-route-table",
            "yandex_vpc_security_group.internal-sg",
            "yandex_vpc_security_group.loadbalancer-sg",
            "yandex_vpc_subnet.private-subnet-a"
          ]
        }
      ]
    },
    {
      "mode": "managed",
      "type": "yandex_compute_instance",
      "name": "zabbix",
      "provider": "provider[\"registry.terraform.io/yandex-cloud/yandex\"]",
      "instances": [
        {
          "schema_version": 1,
          "attributes": {
            "allow_recreate": null,
            "allow_stopping_for_update": null,
            "boot_disk": [
              {
                "auto_delete": true,
                "device_name": "fhmuh2fdhgqecqog8vkr",
                "disk_id": "fhmuh2fdhgqecqog8vkr",
                "initialize_params": [
                  {
                    "block_size": 4096,
                    "description": "",
                    "image_id": "fd8498pb5smsd5ch4gid",
                    "kms_key_id": "",
                    "name": "",
                    "size": 20,
                    "snapshot_id": "",
                    "type": "network-hdd"
                  }
                ],
                "mode": "READ_WRITE"
              }
            ],
            "created_at": "2025-11-09T19:46:08Z",
            "description": "",
            "filesystem": [],
            "folder_id": "b1gcelv7rffoflf21agr",
            "fqdn": "zabbix.ru-central1.internal",
            "gpu_cluster_id": "",
            "hardware_generation": [
              {
                "generation2_features": [],
                "legacy_features": [
                  {
                    "pci_topology": "PCI_TOPOLOGY_V2"
                  }
                ]
              }
            ],
            "hostname": "zabbix",
            "id": "fhmv6sp8jg1d2r9ve8re",
            "labels": {},
            "local_disk": [],
            "maintenance_grace_period": "",
            "maintenance_policy": null,
            "metadata": {
              "ssh-keys": "ubuntu:ssh-ed25519 AAAAC3NzaC1lZDI1NTE5AAAAIM+iYb1iEOFDRXc/kYyt+kZKWMGLHqvBes1tdFv9qtL4 A@u-comp\n"
            },
            "metadata_options": [
              {
                "aws_v1_http_endpoint": 1,
                "aws_v1_http_token": 2,
                "gce_http_endpoint": 1,
                "gce_http_token": 1
              }
            ],
            "name": "zabbix",
            "network_acceleration_type": "standard",
            "network_interface": [
              {
                "dns_record": [],
                "index": 0,
                "ip_address": "192.168.10.27",
                "ipv4": true,
                "ipv6": false,
                "ipv6_address": "",
                "ipv6_dns_record": [],
                "mac_address": "d0:0d:1f:37:32:89",
                "nat": true,
                "nat_dns_record": [],
                "nat_ip_address": "84.252.128.120",
                "nat_ip_version": "IPV4",
                "security_group_ids": [
                  "enpanfjm9igufi27374e",
                  "enpt8e797r8ehchtjpf7"
                ],
                "subnet_id": "e9b0cs3jpv8pqr0d19a4"
              }
            ],
            "placement_policy": [
              {
                "host_affinity_rules": [],
                "placement_group_id": "",
                "placement_group_partition": 0
              }
            ],
            "platform_id": "standard-v3",
            "resources": [
              {
                "core_fraction": 20,
                "cores": 2,
                "gpus": 0,
                "memory": 4
              }
            ],
            "scheduling_policy": [
              {
                "preemptible": true
              }
            ],
            "secondary_disk": [],
            "service_account_id": "",
            "status": "running",
            "timeouts": null,
            "zone": "ru-central1-a"
          },
          "sensitive_attributes": [],
          "private": "eyJlMmJmYjczMC1lY2FhLTExZTYtOGY4OC0zNDM2M2JjN2M0YzAiOnsiY3JlYXRlIjozMDAwMDAwMDAwMDAsImRlbGV0ZSI6MzAwMDAwMDAwMDAwLCJ1cGRhdGUiOjMwMDAwMDAwMDAwMH0sInNjaGVtYV92ZXJzaW9uIjoiMSJ9",
          "dependencies": [
            "yandex_vpc_network.diplom-network",
            "yandex_vpc_security_group.internal-network-sg",
            "yandex_vpc_security_group.monitoring-sg",
            "yandex_vpc_subnet.public-subnet-a"
          ]
        }
      ]
    },
    {
      "mode": "managed",
      "type": "yandex_vpc_gateway",
      "name": "nat-gateway",
      "provider": "provider[\"registry.terraform.io/yandex-cloud/yandex\"]",
      "instances": [
        {
          "schema_version": 0,
          "attributes": {
            "created_at": "2025-11-09T19:46:03Z",
            "description": "",
            "folder_id": "b1gcelv7rffoflf21agr",
            "id": "enpkq1ktgf7sfiicqt72",
            "labels": {},
            "name": "nat-gateway",
            "shared_egress_gateway": [
              {}
            ],
            "timeouts": null
          },
          "sensitive_attributes": [],
          "private": "eyJlMmJmYjczMC1lY2FhLTExZTYtOGY4OC0zNDM2M2JjN2M0YzAiOnsiY3JlYXRlIjo2MDAwMDAwMDAwMCwiZGVsZXRlIjo2MDAwMDAwMDAwMCwidXBkYXRlIjo2MDAwMDAwMDAwMH19"
        }
      ]
    },
    {
      "mode": "managed",
      "type": "yandex_vpc_network",
      "name": "diplom-network",
      "provider": "provider[\"registry.terraform.io/yandex-cloud/yandex\"]",
      "instances": [
        {
          "schema_version": 0,
          "attributes": {
            "created_at": "2025-11-09T19:46:03Z",
            "default_security_group_id": "enprlt1qlrm1fhtj8rtp",
            "description": "",
            "folder_id": "b1gcelv7rffoflf21agr",
            "id": "enpvk6ge6nkmapgq9ikq",
            "labels": {},
            "name": "diplom-network",
            "subnet_ids": [
              "e9b0cs3jpv8pqr0d19a4",
              "e9bfvtn6s2ben4882voi"
            ],
            "timeouts": null
          },
          "sensitive_attributes": [],
          "private": "eyJlMmJmYjczMC1lY2FhLTExZTYtOGY4OC0zNDM2M2JjN2M0YzAiOnsiY3JlYXRlIjo2MDAwMDAwMDAwMCwiZGVsZXRlIjo2MDAwMDAwMDAwMCwidXBkYXRlIjo2MDAwMDAwMDAwMH19"
        }
      ]
    },
    {
      "mode": "managed",
      "type": "yandex_vpc_route_table",
      "name": "private-route-table",
      "provider": "provider[\"registry.terraform.io/yandex-cloud/yandex\"]",
      "instances": [
        {
          "schema_version": 0,
          "attributes": {
            "created_at": "2025-11-09T19:46:07Z",
            "description": "",
            "folder_id": "b1gcelv7rffoflf21agr",
            "id": "enpfputdo7hnm6ctlrl0",
            "labels": {},
            "name": "private-route-table",
            "network_id": "enpvk6ge6nkmapgq9ikq",
            "static_route": [
              {
                "destination_prefix": "0.0.0.0/0",
                "gateway_id": "enpkq1ktgf7sfiicqt72",
                "next_hop_address": ""
              }
            ],
            "timeouts": null
          },
          "sensitive_attributes": [],
          "private": "eyJlMmJmYjczMC1lY2FhLTExZTYtOGY4OC0zNDM2M2JjN2M0YzAiOnsiY3JlYXRlIjoxODAwMDAwMDAwMDAsImRlbGV0ZSI6MTgwMDAwMDAwMDAwLCJ1cGRhdGUiOjE4MDAwMDAwMDAwMH19",
          "dependencies": [
            "yandex_vpc_gateway.nat-gateway",
            "yandex_vpc_network.diplom-network"
          ]
        }
      ]
    },
    {
      "mode": "managed",
      "type": "yandex_vpc_security_group",
      "name": "bastion-sg",
      "provider": "provider[\"registry.terraform.io/yandex-cloud/yandex\"]",
      "instances": [
        {
          "schema_version": 0,
          "attributes": {
            "created_at": "2025-11-09T19:46:13Z",
            "description": "Security group for Bastion host",
            "egress": [
              {
                "description": "",
                "from_port": -1,
                "id": "enp3l2m7vn2nnl0qmkpu",
                "labels": {},
                "port": -1,
                "predefined_target": "",
                "protocol": "ANY",
                "security_group_id": "",
                "to_port": -1,
                "v4_cidr_blocks": [
                  "0.0.0.0/0"
                ],
                "v6_cidr_blocks": []
              }
            ],
            "folder_id": "b1gcelv7rffoflf21agr",
            "id": "enpj4muh5ug6dvjgr1v3",
            "ingress": [
              {
                "description": "",
                "from_port": -1,
                "id": "enp0dhu8stig9sptnr7o",
                "labels": {},
                "port": 22,
                "predefined_target": "",
                "protocol": "TCP",
                "security_group_id": "",
                "to_port": -1,
                "v4_cidr_blocks": [
                  "0.0.0.0/0"
                ],
                "v6_cidr_blocks": []
              }
            ],
            "labels": {},
            "name": "bastion-sg",
            "network_id": "enpvk6ge6nkmapgq9ikq",
            "status": "ACTIVE",
            "timeouts": null
          },
          "sensitive_attributes": [],
          "private": "eyJlMmJmYjczMC1lY2FhLTExZTYtOGY4OC0zNDM2M2JjN2M0YzAiOnsiY3JlYXRlIjoxODAwMDAwMDAwMDAsImRlbGV0ZSI6MTgwMDAwMDAwMDAwLCJ1cGRhdGUiOjE4MDAwMDAwMDAwMH19",
          "dependencies": [
            "yandex_vpc_network.diplom-network"
          ]
        }
      ]
    },
    {
      "mode": "managed",
      "type": "yandex_vpc_security_group",
      "name": "internal-network-sg",
      "provider": "provider[\"registry.terraform.io/yandex-cloud/yandex\"]",
      "instances": [
        {
          "schema_version": 0,
          "attributes": {
            "created_at": "2025-11-09T21:53:42Z",
            "description": "Security group for entire internal network",
            "egress": [
              {
                "description": "",
                "from_port": -1,
                "id": "enpgs7h4n290dg280oi2",
                "labels": {},
                "port": -1,
                "predefined_target": "",
                "protocol": "ANY",
                "security_group_id": "",
                "to_port": -1,
                "v4_cidr_blocks": [
                  "0.0.0.0/0"
                ],
                "v6_cidr_blocks": []
              }
            ],
            "folder_id": "b1gcelv7rffoflf21agr",
            "id": "enpanfjm9igufi27374e",
            "ingress": [
              {
                "description": "",
                "from_port": -1,
                "id": "enpocdcjfsijtbp8ei3a",
                "labels": {},
                "port": -1,
                "predefined_target": "",
                "protocol": "ANY",
                "security_group_id": "",
                "to_port": -1,
                "v4_cidr_blocks": [
                  "192.168.0.0/16"
                ],
                "v6_cidr_blocks": []
              }
            ],
            "labels": {},
            "name": "internal-network-sg",
            "network_id": "enpvk6ge6nkmapgq9ikq",
            "status": "ACTIVE",
            "timeouts": null
          },
          "sensitive_attributes": [],
          "private": "eyJlMmJmYjczMC1lY2FhLTExZTYtOGY4OC0zNDM2M2JjN2M0YzAiOnsiY3JlYXRlIjoxODAwMDAwMDAwMDAsImRlbGV0ZSI6MTgwMDAwMDAwMDAwLCJ1cGRhdGUiOjE4MDAwMDAwMDAwMH19",
          "dependencies": [
            "yandex_vpc_network.diplom-network"
          ]
        }
      ]
    },
    {
      "mode": "managed",
      "type": "yandex_vpc_security_group",
      "name": "internal-sg",
      "provider": "provider[\"registry.terraform.io/yandex-cloud/yandex\"]",
      "instances": [
        {
          "schema_version": 0,
          "attributes": {
            "created_at": "2025-11-09T19:46:16Z",
            "description": "Security group for internal servers",
            "egress": [
              {
                "description": "",
                "from_port": -1,
                "id": "enphat45gna3dm3e6sr5",
                "labels": {},
                "port": -1,
                "predefined_target": "",
                "protocol": "ANY",
                "security_group_id": "",
                "to_port": -1,
                "v4_cidr_blocks": [
                  "0.0.0.0/0"
                ],
                "v6_cidr_blocks": []
              }
            ],
            "folder_id": "b1gcelv7rffoflf21agr",
            "id": "enpbq84fgjtuvr9dmmd1",
            "ingress": [
              {
                "description": "",
                "from_port": -1,
                "id": "enp6227ts2lo2ll2shh5",
                "labels": {},
                "port": 80,
                "predefined_target": "",
                "protocol": "TCP",
                "security_group_id": "",
                "to_port": -1,
                "v4_cidr_blocks": [
                  "192.168.0.0/16"
                ],
                "v6_cidr_blocks": []
              },
              {
                "description": "",
                "from_port": -1,
                "id": "enp7bf2ljvj09rqcb19o",
                "labels": {},
                "port": 10050,
                "predefined_target": "",
                "protocol": "TCP",
                "security_group_id": "",
                "to_port": -1,
                "v4_cidr_blocks": [
                  "192.168.0.0/16"
                ],
                "v6_cidr_blocks": []
              },
              {
                "description": "",
                "from_port": -1,
                "id": "enpftdfda8rfq96jhvc5",
                "labels": {},
                "port": 80,
                "predefined_target": "",
                "protocol": "TCP",
                "security_group_id": "enp9qbt1hcdqpib6c0g1",
                "to_port": -1,
                "v4_cidr_blocks": [],
                "v6_cidr_blocks": []
              },
              {
                "description": "",
                "from_port": -1,
                "id": "enph7t9v3vk557ud7fg6",
                "labels": {},
                "port": 22,
                "predefined_target": "",
                "protocol": "TCP",
                "security_group_id": "",
                "to_port": -1,
                "v4_cidr_blocks": [
                  "192.168.10.0/24"
                ],
                "v6_cidr_blocks": []
              },
              {
                "description": "",
                "from_port": -1,
                "id": "enpnmgjvto3ldkli2gnf",
                "labels": {},
                "port": 9200,
                "predefined_target": "",
                "protocol": "TCP",
                "security_group_id": "",
                "to_port": -1,
                "v4_cidr_blocks": [
                  "192.168.0.0/16"
                ],
                "v6_cidr_blocks": []
              }
            ],
            "labels": {},
            "name": "internal-sg",
            "network_id": "enpvk6ge6nkmapgq9ikq",
            "status": "ACTIVE",
            "timeouts": null
          },
          "sensitive_attributes": [],
          "private": "eyJlMmJmYjczMC1lY2FhLTExZTYtOGY4OC0zNDM2M2JjN2M0YzAiOnsiY3JlYXRlIjoxODAwMDAwMDAwMDAsImRlbGV0ZSI6MTgwMDAwMDAwMDAwLCJ1cGRhdGUiOjE4MDAwMDAwMDAwMH19",
          "dependencies": [
            "yandex_vpc_network.diplom-network",
            "yandex_vpc_security_group.loadbalancer-sg"
          ]
        }
      ]
    },
    {
      "mode": "managed",
      "type": "yandex_vpc_security_group",
      "name": "loadbalancer-sg",
      "provider": "provider[\"registry.terraform.io/yandex-cloud/yandex\"]",
      "instances": [
        {
          "schema_version": 0,
          "attributes": {
            "created_at": "2025-11-09T19:46:11Z",
            "description": "Security group for Load Balancer",
            "egress": [
              {
                "description": "",
                "from_port": -1,
                "id": "enpon6iqm0c1ic8fkue1",
                "labels": {},
                "port": -1,
                "predefined_target": "",
                "protocol": "ANY",
                "security_group_id": "",
                "to_port": -1,
                "v4_cidr_blocks": [
                  "0.0.0.0/0"
                ],
                "v6_cidr_blocks": []
              }
            ],
            "folder_id": "b1gcelv7rffoflf21agr",
            "id": "enp9qbt1hcdqpib6c0g1",
            "ingress": [
              {
                "description": "",
                "from_port": -1,
                "id": "enpo7p4kdgjgbgitakte",
                "labels": {},
                "port": 80,
                "predefined_target": "",
                "protocol": "TCP",
                "security_group_id": "",
                "to_port": -1,
                "v4_cidr_blocks": [
                  "0.0.0.0/0"
                ],
                "v6_cidr_blocks": []
              }
            ],
            "labels": {},
            "name": "loadbalancer-sg",
            "network_id": "enpvk6ge6nkmapgq9ikq",
            "status": "ACTIVE",
            "timeouts": null
          },
          "sensitive_attributes": [],
          "private": "eyJlMmJmYjczMC1lY2FhLTExZTYtOGY4OC0zNDM2M2JjN2M0YzAiOnsiY3JlYXRlIjoxODAwMDAwMDAwMDAsImRlbGV0ZSI6MTgwMDAwMDAwMDAwLCJ1cGRhdGUiOjE4MDAwMDAwMDAwMH19",
          "dependencies": [
            "yandex_vpc_network.diplom-network"
          ]
        }
      ]
    },
    {
      "mode": "managed",
      "type": "yandex_vpc_security_group",
      "name": "monitoring-sg",
      "provider": "provider[\"registry.terraform.io/yandex-cloud/yandex\"]",
      "instances": [
        {
          "schema_version": 0,
          "attributes": {
            "created_at": "2025-11-09T19:46:08Z",
            "description": "Security group for monitoring services",
            "egress": [
              {
                "description": "",
                "from_port": -1,
                "id": "enpc5rglr20iqhf4lkcc",
                "labels": {},
                "port": -1,
                "predefined_target": "",
                "protocol": "ANY",
                "security_group_id": "",
                "to_port": -1,
                "v4_cidr_blocks": [
                  "0.0.0.0/0"
                ],
                "v6_cidr_blocks": []
              }
            ],
            "folder_id": "b1gcelv7rffoflf21agr",
            "id": "enpt8e797r8ehchtjpf7",
            "ingress": [
              {
                "description": "",
                "from_port": -1,
                "id": "enp6puu141ouml5juebd",
                "labels": {},
                "port": 80,
                "predefined_target": "",
                "protocol": "TCP",
                "security_group_id": "",
                "to_port": -1,
                "v4_cidr_blocks": [
                  "0.0.0.0/0"
                ],
                "v6_cidr_blocks": []
              },
              {
                "description": "",
                "from_port": -1,
                "id": "enpc50g3dv7ees32abfn",
                "labels": {},
                "port": 5601,
                "predefined_target": "",
                "protocol": "TCP",
                "security_group_id": "",
                "to_port": -1,
                "v4_cidr_blocks": [
                  "0.0.0.0/0"
                ],
                "v6_cidr_blocks": []
              },
              {
                "description": "",
                "from_port": -1,
                "id": "enpenmnr7skfb5lrint6",
                "labels": {},
                "port": 10051,
                "predefined_target": "",
                "protocol": "TCP",
                "security_group_id": "",
                "to_port": -1,
                "v4_cidr_blocks": [
                  "192.168.0.0/16"
                ],
                "v6_cidr_blocks": []
              },
              {
                "description": "",
                "from_port": -1,
                "id": "enphpp1fc09h7ud7qh2n",
                "labels": {},
                "port": 443,
                "predefined_target": "",
                "protocol": "TCP",
                "security_group_id": "",
                "to_port": -1,
                "v4_cidr_blocks": [
                  "0.0.0.0/0"
                ],
                "v6_cidr_blocks": []
              },
              {
                "description": "",
                "from_port": -1,
                "id": "enprn0t7ddos5qufo74m",
                "labels": {},
                "port": 22,
                "predefined_target": "",
                "protocol": "TCP",
                "security_group_id": "",
                "to_port": -1,
                "v4_cidr_blocks": [
                  "0.0.0.0/0"
                ],
                "v6_cidr_blocks": []
              }
            ],
            "labels": {},
            "name": "monitoring-sg",
            "network_id": "enpvk6ge6nkmapgq9ikq",
            "status": "ACTIVE",
            "timeouts": null
          },
          "sensitive_attributes": [],
          "private": "eyJlMmJmYjczMC1lY2FhLTExZTYtOGY4OC0zNDM2M2JjN2M0YzAiOnsiY3JlYXRlIjoxODAwMDAwMDAwMDAsImRlbGV0ZSI6MTgwMDAwMDAwMDAwLCJ1cGRhdGUiOjE4MDAwMDAwMDAwMH19",
          "dependencies": [
            "yandex_vpc_network.diplom-network"
          ]
        }
      ]
    },
    {
      "mode": "managed",
      "type": "yandex_vpc_subnet",
      "name": "private-subnet-a",
      "provider": "provider[\"registry.terraform.io/yandex-cloud/yandex\"]",
      "instances": [
        {
          "schema_version": 0,
          "attributes": {
            "created_at": "2025-11-09T19:46:08Z",
            "description": "",
            "dhcp_options": [],
            "folder_id": "b1gcelv7rffoflf21agr",
            "id": "e9bfvtn6s2ben4882voi",
            "labels": {},
            "name": "private-subnet-a",
            "network_id": "enpvk6ge6nkmapgq9ikq",
            "route_table_id": "enpfputdo7hnm6ctlrl0",
            "timeouts": null,
            "v4_cidr_blocks": [
              "192.168.20.0/24"
            ],
            "v6_cidr_blocks": [],
            "zone": "ru-central1-a"
          },
          "sensitive_attributes": [],
          "private": "eyJlMmJmYjczMC1lY2FhLTExZTYtOGY4OC0zNDM2M2JjN2M0YzAiOnsiY3JlYXRlIjoxODAwMDAwMDAwMDAsImRlbGV0ZSI6MTgwMDAwMDAwMDAwLCJ1cGRhdGUiOjE4MDAwMDAwMDAwMH19",
          "dependencies": [
            "yandex_vpc_gateway.nat-gateway",
            "yandex_vpc_network.diplom-network",
            "yandex_vpc_route_table.private-route-table"
          ]
        }
      ]
    },
    {
      "mode": "managed",
      "type": "yandex_vpc_subnet",
      "name": "public-subnet-a",
      "provider": "provider[\"registry.terraform.io/yandex-cloud/yandex\"]",
      "instances": [
        {
          "schema_version": 0,
          "attributes": {
            "created_at": "2025-11-09T19:46:06Z",
            "description": "",
            "dhcp_options": [],
            "folder_id": "b1gcelv7rffoflf21agr",
            "id": "e9b0cs3jpv8pqr0d19a4",
            "labels": {},
            "name": "public-subnet-a",
            "network_id": "enpvk6ge6nkmapgq9ikq",
            "route_table_id": "",
            "timeouts": null,
            "v4_cidr_blocks": [
              "192.168.10.0/24"
            ],
            "v6_cidr_blocks": [],
            "zone": "ru-central1-a"
          },
          "sensitive_attributes": [],
          "private": "eyJlMmJmYjczMC1lY2FhLTExZTYtOGY4OC0zNDM2M2JjN2M0YzAiOnsiY3JlYXRlIjoxODAwMDAwMDAwMDAsImRlbGV0ZSI6MTgwMDAwMDAwMDAwLCJ1cGRhdGUiOjE4MDAwMDAwMDAwMH19",
          "dependencies": [
            "yandex_vpc_network.diplom-network"
          ]
        }
      ]
    }
  ],
  "check_results": null
}
