{
  "version": 4,
  "terraform_version": "1.9.8",
  "serial": 224,
  "lineage": "ec8cc663-fd67-7eb6-8f92-5c2caaf2468c",
  "outputs": {},
  "resources": [
    {
      "mode": "managed",
      "type": "yandex_vpc_network",
      "name": "diplom-network",
      "provider": "provider[\"registry.terraform.io/yandex-cloud/yandex\"]",
      "instances": [
        {
          "schema_version": 0,
          "attributes": {
            "created_at": "2025-11-09T19:46:03Z",
            "default_security_group_id": "enprlt1qlrm1fhtj8rtp",
            "description": "",
            "folder_id": "b1gcelv7rffoflf21agr",
            "id": "enpvk6ge6nkmapgq9ikq",
            "labels": {},
            "name": "diplom-network",
            "subnet_ids": [
              "e9b1kd6kt2h9cur2gk0c",
              "e9bg028qg03hifc3qo4r"
            ],
            "timeouts": null
          },
          "sensitive_attributes": [],
          "private": "eyJlMmJmYjczMC1lY2FhLTExZTYtOGY4OC0zNDM2M2JjN2M0YzAiOnsiY3JlYXRlIjo2MDAwMDAwMDAwMCwiZGVsZXRlIjo2MDAwMDAwMDAwMCwidXBkYXRlIjo2MDAwMDAwMDAwMH19"
        }
      ]
    }
  ],
  "check_results": null
}
